{
  "object": {
    "pins": [
      {
        "package": "Alamofire",
        "repositoryURL": "https://github.com/Alamofire/Alamofire.git",
        "state": {
          "branch": null,
          "revision": "becd9a729a37bdbef5bc39dc3c702b99f9e3d046",
          "version": "5.2.2"
        }
      },
      {
        "package": "SDWebImage",
        "repositoryURL": "https://github.com/SDWebImage/SDWebImage.git",
        "state": {
          "branch": null,
          "revision": "7a21432a370a34925046244462281bd36ebab73d",
          "version": "5.9.1"
        }
      },
      {
        "package": "SideMenu",
        "repositoryURL": "https://github.com/jonkykong/SideMenu.git",
        "state": {
          "branch": null,
          "revision": "be2ac457c1f758059173fe9572aee7332d5a3cbd",
          "version": "6.4.9"
        }
      }
    ]
  },
  "version": 1
}
